
Microsoft Visual Studio Solution File, Format Version 12.00
# Visual Studio Version 17
VisualStudioVersion = 17.7.34221.43
MinimumVisualStudioVersion = 10.0.40219.1
Project("{9A19103F-16F7-4668-BE54-9A1E7A4F7556}") = "TimeTrackQR", "TimeTrackQR\TimeTrackQR.csproj", "{714E797B-99CB-4740-82E1-2D91992BC075}"
EndProject
Global
	GlobalSection(SolutionConfigurationPlatforms) = preSolution
		Debug|Any CPU = Debug|Any CPU
		Release|Any CPU = Release|Any CPU
	EndGlobalSection
	GlobalSection(ProjectConfigurationPlatforms) = postSolution
		{714E797B-99CB-4740-82E1-2D91992BC075}.Debug|Any CPU.ActiveCfg = Debug|Any CPU
		{714E797B-99CB-4740-82E1-2D91992BC075}.Debug|Any CPU.Build.0 = Debug|Any CPU
		{714E797B-99CB-4740-82E1-2D91992BC075}.Release|Any CPU.ActiveCfg = Release|Any CPU
		{714E797B-99CB-4740-82E1-2D91992BC075}.Release|Any CPU.Build.0 = Release|Any CPU
	EndGlobalSection
	GlobalSection(SolutionProperties) = preSolution
		HideSolutionNode = FALSE
	EndGlobalSection
	GlobalSection(ExtensibilityGlobals) = postSolution
		SolutionGuid = {35F68AE9-9F92-4FE4-B861-31D50D718801}
	EndGlobalSection
EndGlobal
